
Microsoft Visual Studio Solution File, Format Version 12.00
# Visual Studio 14
VisualStudioVersion = 14.0.23107.0
MinimumVisualStudioVersion = 10.0.40219.1
Project("{FAE04EC0-301F-11D3-BF4B-00C04F79EFBC}") = "Exercicio12-FuncTodasOperacoes", "Exercicio12-FuncTodasOperacoes\Exercicio12-FuncTodasOperacoes.csproj", "{33C063A0-6F45-477B-88A6-55C75810AD02}"
EndProject
Global
	GlobalSection(SolutionConfigurationPlatforms) = preSolution
		Debug|Any CPU = Debug|Any CPU
		Release|Any CPU = Release|Any CPU
	EndGlobalSection
	GlobalSection(ProjectConfigurationPlatforms) = postSolution
		{33C063A0-6F45-477B-88A6-55C75810AD02}.Debug|Any CPU.ActiveCfg = Debug|Any CPU
		{33C063A0-6F45-477B-88A6-55C75810AD02}.Debug|Any CPU.Build.0 = Debug|Any CPU
		{33C063A0-6F45-477B-88A6-55C75810AD02}.Release|Any CPU.ActiveCfg = Release|Any CPU
		{33C063A0-6F45-477B-88A6-55C75810AD02}.Release|Any CPU.Build.0 = Release|Any CPU
	EndGlobalSection
	GlobalSection(SolutionProperties) = preSolution
		HideSolutionNode = FALSE
	EndGlobalSection
EndGlobal
